// !$*UTF8*$!
{
	archiveVersion = 1;
	classes = {
	};
	objectVersion = 55;
	objects = {

/* Begin PBXBuildFile section */
		E2A6A1762A5D373900D734B5 /* AppDelegate.swift in Sources */ = {isa = PBXBuildFile; fileRef = E2A6A1752A5D373900D734B5 /* AppDelegate.swift */; };
		E2A6A1782A5D373900D734B5 /* SceneDelegate.swift in Sources */ = {isa = PBXBuildFile; fileRef = E2A6A1772A5D373900D734B5 /* SceneDelegate.swift */; };
		E2A6A17A2A5D373900D734B5 /* ViewController.swift in Sources */ = {isa = PBXBuildFile; fileRef = E2A6A1792A5D373900D734B5 /* ViewController.swift */; };
		E2A6A17D2A5D373900D734B5 /* Main.storyboard in Resources */ = {isa = PBXBuildFile; fileRef = E2A6A17B2A5D373900D734B5 /* Main.storyboard */; };
		E2A6A17F2A5D373B00D734B5 /* Assets.xcassets in Resources */ = {isa = PBXBuildFile; fileRef = E2A6A17E2A5D373B00D734B5 /* Assets.xcassets */; };
		E2A6A1822A5D373B00D734B5 /* LaunchScreen.storyboard in Resources */ = {isa = PBXBuildFile; fileRef = E2A6A1802A5D373B00D734B5 /* LaunchScreen.storyboard */; };
		FB0E608B50244FC48635CFF5 /* Pods_HelloThere_iOS.framework in Frameworks */ = {isa = PBXBuildFile; fileRef = 7E7BAF5921A46BB39BDE2CC4 /* Pods_HelloThere_iOS.framework */; };
/* End PBXBuildFile section */

/* Begin PBXFileReference section */
		39DE168340B95CF3093A9E5B /* Pods-HelloThere_iOS.debug.xcconfig */ = {isa = PBXFileReference; includeInIndex = 1; lastKnownFileType = text.xcconfig; name = "Pods-HelloThere_iOS.debug.xcconfig"; path = "Target Support Files/Pods-HelloThere_iOS/Pods-HelloThere_iOS.debug.xcconfig"; sourceTree = "<group>"; };
		7E7BAF5921A46BB39BDE2CC4 /* Pods_HelloThere_iOS.framework */ = {isa = PBXFileReference; explicitFileType = wrapper.framework; includeInIndex = 0; path = Pods_HelloThere_iOS.framework; sourceTree = BUILT_PRODUCTS_DIR; };
		9DD714B7700E1510F07DC036 /* Pods-HelloThere_iOS.release.xcconfig */ = {isa = PBXFileReference; includeInIndex = 1; lastKnownFileType = text.xcconfig; name = "Pods-HelloThere_iOS.release.xcconfig"; path = "Target Support Files/Pods-HelloThere_iOS/Pods-HelloThere_iOS.release.xcconfig"; sourceTree = "<group>"; };
		E2A6A1722A5D373900D734B5 /* HelloThere_iOS.app */ = {isa = PBXFileReference; explicitFileType = wrapper.application; includeInIndex = 0; path = HelloThere_iOS.app; sourceTree = BUILT_PRODUCTS_DIR; };
		E2A6A1752A5D373900D734B5 /* AppDelegate.swift */ = {isa = PBXFileReference; lastKnownFileType = sourcecode.swift; path = AppDelegate.swift; sourceTree = "<group>"; };
		E2A6A1772A5D373900D734B5 /* SceneDelegate.swift */ = {isa = PBXFileReference; lastKnownFileType = sourcecode.swift; path = SceneDelegate.swift; sourceTree = "<group>"; };
		E2A6A1792A5D373900D734B5 /* ViewController.swift */ = {isa = PBXFileReference; lastKnownFileType = sourcecode.swift; path = ViewController.swift; sourceTree = "<group>"; };
		E2A6A17C2A5D373900D734B5 /* Base */ = {isa = PBXFileReference; lastKnownFileType = file.storyboard; name = Base; path = Base.lproj/Main.storyboard; sourceTree = "<group>"; };
		E2A6A17E2A5D373B00D734B5 /* Assets.xcassets */ = {isa = PBXFileReference; lastKnownFileType = folder.assetcatalog; path = Assets.xcassets; sourceTree = "<group>"; };
		E2A6A1812A5D373B00D734B5 /* Base */ = {isa = PBXFileReference; lastKnownFileType = file.storyboard; name = Base; path = Base.lproj/LaunchScreen.storyboard; sourceTree = "<group>"; };
		E2A6A1832A5D373B00D734B5 /* Info.plist */ = {isa = PBXFileReference; lastKnownFileType = text.plist.xml; path = Info.plist; sourceTree = "<group>"; };
/* End PBXFileReference section */

/* Begin PBXFrameworksBuildPhase section */
		E2A6A16F2A5D373900D734B5 /* Frameworks */ = {
			isa = PBXFrameworksBuildPhase;
			buildActionMask = 2147483647;
			files = (
				FB0E608B50244FC48635CFF5 /* Pods_HelloThere_iOS.framework in Frameworks */,
			);
			runOnlyForDeploymentPostprocessing = 0;
		};
/* End PBXFrameworksBuildPhase section */

/* Begin PBXGroup section */
		02DB2BACB72AC37AB67A4A71 /* Frameworks */ = {
			isa = PBXGroup;
			children = (
				7E7BAF5921A46BB39BDE2CC4 /* Pods_HelloThere_iOS.framework */,
			);
			name = Frameworks;
			sourceTree = "<group>";
		};
		43C5BFE464CB4202EBE383C5 /* Pods */ = {
			isa = PBXGroup;
			children = (
				39DE168340B95CF3093A9E5B /* Pods-HelloThere_iOS.debug.xcconfig */,
				9DD714B7700E1510F07DC036 /* Pods-HelloThere_iOS.release.xcconfig */,
			);
			path = Pods;
			sourceTree = "<group>";
		};
		E2A6A1692A5D373900D734B5 = {
			isa = PBXGroup;
			children = (
				E2A6A1742A5D373900D734B5 /* HelloThere_iOS */,
				E2A6A1732A5D373900D734B5 /* Products */,
				43C5BFE464CB4202EBE383C5 /* Pods */,
				02DB2BACB72AC37AB67A4A71 /* Frameworks */,
			);
			sourceTree = "<group>";
		};
		E2A6A1732A5D373900D734B5 /* Products */ = {
			isa = PBXGroup;
			children = (
				E2A6A1722A5D373900D734B5 /* HelloThere_iOS.app */,
			);
			name = Products;
			sourceTree = "<group>";
		};
		E2A6A1742A5D373900D734B5 /* HelloThere_iOS */ = {
			isa = PBXGroup;
			children = (
				E2A6A1752A5D373900D734B5 /* AppDelegate.swift */,
				E2A6A1772A5D373900D734B5 /* SceneDelegate.swift */,
				E2A6A1792A5D373900D734B5 /* ViewController.swift */,
				E2A6A17B2A5D373900D734B5 /* Main.storyboard */,
				E2A6A17E2A5D373B00D734B5 /* Assets.xcassets */,
				E2A6A1802A5D373B00D734B5 /* LaunchScreen.storyboard */,
				E2A6A1832A5D373B00D734B5 /* Info.plist */,
			);
			path = HelloThere_iOS;
			sourceTree = "<group>";
		};
/* End PBXGroup section */

/* Begin PBXNativeTarget section */
		E2A6A1712A5D373900D734B5 /* HelloThere_iOS */ = {
			isa = PBXNativeTarget;
			buildConfigurationList = E2A6A1862A5D373B00D734B5 /* Build configuration list for PBXNativeTarget "HelloThere_iOS" */;
			buildPhases = (
				0B8F3BA289FB02698E4B9651 /* [CP] Check Pods Manifest.lock */,
				E2A6A16E2A5D373900D734B5 /* Sources */,
				E2A6A16F2A5D373900D734B5 /* Frameworks */,
				E2A6A1702A5D373900D734B5 /* Resources */,
				4012CCFC1F0FA01B2DAC4FF3 /* [CP] Embed Pods Frameworks */,
			);
			buildRules = (
			);
			dependencies = (
			);
			name = HelloThere_iOS;
			productName = HelloThere_iOS;
			productReference = E2A6A1722A5D373900D734B5 /* HelloThere_iOS.app */;
			productType = "com.apple.product-type.application";
		};
/* End PBXNativeTarget section */

/* Begin PBXProject section */
		E2A6A16A2A5D373900D734B5 /* Project object */ = {
			isa = PBXProject;
			attributes = {
				BuildIndependentTargetsInParallel = 1;
				LastSwiftUpdateCheck = 1340;
				LastUpgradeCheck = 1340;
				TargetAttributes = {
					E2A6A1712A5D373900D734B5 = {
						CreatedOnToolsVersion = 13.4.1;
					};
				};
			};
			buildConfigurationList = E2A6A16D2A5D373900D734B5 /* Build configuration list for PBXProject "HelloThere_iOS" */;
			compatibilityVersion = "Xcode 13.0";
			developmentRegion = en;
			hasScannedForEncodings = 0;
			knownRegions = (
				en,
				Base,
			);
			mainGroup = E2A6A1692A5D373900D734B5;
			productRefGroup = E2A6A1732A5D373900D734B5 /* Products */;
			projectDirPath = "";
			projectRoot = "";
			targets = (
				E2A6A1712A5D373900D734B5 /* HelloThere_iOS */,
			);
		};
/* End PBXProject section */

/* Begin PBXResourcesBuildPhase section */
		E2A6A1702A5D373900D734B5 /* Resources */ = {
			isa = PBXResourcesBuildPhase;
			buildActionMask = 2147483647;
			files = (
				E2A6A1822A5D373B00D734B5 /* LaunchScreen.storyboard in Resources */,
				E2A6A17F2A5D373B00D734B5 /* Assets.xcassets in Resources */,
				E2A6A17D2A5D373900D734B5 /* Main.storyboard in Resources */,
			);
			runOnlyForDeploymentPostprocessing = 0;
		};
/* End PBXResourcesBuildPhase section */

/* Begin PBXShellScriptBuildPhase section */
		0B8F3BA289FB02698E4B9651 /* [CP] Check Pods Manifest.lock */ = {
			isa = PBXShellScriptBuildPhase;
			buildActionMask = 2147483647;
			files = (
			);
			inputFileListPaths = (
			);
			inputPaths = (
				"${PODS_PODFILE_DIR_PATH}/Podfile.lock",
				"${PODS_ROOT}/Manifest.lock",
			);
			name = "[CP] Check Pods Manifest.lock";
			outputFileListPaths = (
			);
			outputPaths = (
				"$(DERIVED_FILE_DIR)/Pods-HelloThere_iOS-checkManifestLockResult.txt",
			);
			runOnlyForDeploymentPostprocessing = 0;
			shellPath = /bin/sh;
			shellScript = "diff \"${PODS_PODFILE_DIR_PATH}/Podfile.lock\" \"${PODS_ROOT}/Manifest.lock\" > /dev/null\nif [ $? != 0 ] ; then\n    # print error to STDERR\n    echo \"error: The sandbox is not in sync with the Podfile.lock. Run 'pod install' or update your CocoaPods installation.\" >&2\n    exit 1\nfi\n# This output is used by Xcode 'outputs' to avoid re-running this script phase.\necho \"SUCCESS\" > \"${SCRIPT_OUTPUT_FILE_0}\"\n";
			showEnvVarsInLog = 0;
		};
		4012CCFC1F0FA01B2DAC4FF3 /* [CP] Embed Pods Frameworks */ = {
			isa = PBXShellScriptBuildPhase;
			buildActionMask = 2147483647;
			files = (
			);
			inputFileListPaths = (
				"${PODS_ROOT}/Target Support Files/Pods-HelloThere_iOS/Pods-HelloThere_iOS-frameworks-${CONFIGURATION}-input-files.xcfilelist",
			);
			name = "[CP] Embed Pods Frameworks";
			outputFileListPaths = (
				"${PODS_ROOT}/Target Support Files/Pods-HelloThere_iOS/Pods-HelloThere_iOS-frameworks-${CONFIGURATION}-output-files.xcfilelist",
			);
			runOnlyForDeploymentPostprocessing = 0;
			shellPath = /bin/sh;
			shellScript = "\"${PODS_ROOT}/Target Support Files/Pods-HelloThere_iOS/Pods-HelloThere_iOS-frameworks.sh\"\n";
			showEnvVarsInLog = 0;
		};
/* End PBXShellScriptBuildPhase section */

/* Begin PBXSourcesBuildPhase section */
		E2A6A16E2A5D373900D734B5 /* Sources */ = {
			isa = PBXSourcesBuildPhase;
			buildActionMask = 2147483647;
			files = (
				E2A6A17A2A5D373900D734B5 /* ViewController.swift in Sources */,
				E2A6A1762A5D373900D734B5 /* AppDelegate.swift in Sources */,
				E2A6A1782A5D373900D734B5 /* SceneDelegate.swift in Sources */,
			);
			runOnlyForDeploymentPostprocessing = 0;
		};
/* End PBXSourcesBuildPhase section */

/* Begin PBXVariantGroup section */
		E2A6A17B2A5D373900D734B5 /* Main.storyboard */ = {
			isa = PBXVariantGroup;
			children = (
				E2A6A17C2A5D373900D734B5 /* Base */,
			);
			name = Main.storyboard;
			sourceTree = "<group>";
		};
		E2A6A1802A5D373B00D734B5 /* LaunchScreen.storyboard */ = {
			isa = PBXVariantGroup;
			children = (
				E2A6A1812A5D373B00D734B5 /* Base */,
			);
			name = LaunchScreen.storyboard;
			sourceTree = "<group>";
		};
/* End PBXVariantGroup section */

/* Begin XCBuildConfiguration section */
		E2A6A1842A5D373B00D734B5 /* Debug */ = {
			isa = XCBuildConfiguration;
			buildSettings = {
				ALWAYS_SEARCH_USER_PATHS = NO;
				CLANG_ANALYZER_NONNULL = YES;
				CLANG_ANALYZER_NUMBER_OBJECT_CONVERSION = YES_AGGRESSIVE;
				CLANG_CXX_LANGUAGE_STANDARD = "gnu++17";
				CLANG_ENABLE_MODULES = YES;
				CLANG_ENABLE_OBJC_ARC = YES;
				CLANG_ENABLE_OBJC_WEAK = YES;
				CLANG_WARN_BLOCK_CAPTURE_AUTORELEASING = YES;
				CLANG_WARN_BOOL_CONVERSION = YES;
				CLANG_WARN_COMMA = YES;
				CLANG_WARN_CONSTANT_CONVERSION = YES;
				CLANG_WARN_DEPRECATED_OBJC_IMPLEMENTATIONS = YES;
				CLANG_WARN_DIRECT_OBJC_ISA_USAGE = YES_ERROR;
				CLANG_WARN_DOCUMENTATION_COMMENTS = YES;
				CLANG_WARN_EMPTY_BODY = YES;
				CLANG_WARN_ENUM_CONVERSION = YES;
				CLANG_WARN_INFINITE_RECURSION = YES;
				CLANG_WARN_INT_CONVERSION = YES;
				CLANG_WARN_NON_LITERAL_NULL_CONVERSION = YES;
				CLANG_WARN_OBJC_IMPLICIT_RETAIN_SELF = YES;
				CLANG_WARN_OBJC_LITERAL_CONVERSION = YES;
				CLANG_WARN_OBJC_ROOT_CLASS = YES_ERROR;
				CLANG_WARN_QUOTED_INCLUDE_IN_FRAMEWORK_HEADER = YES;
				CLANG_WARN_RANGE_LOOP_ANALYSIS = YES;
				CLANG_WARN_STRICT_PROTOTYPES = YES;
				CLANG_WARN_SUSPICIOUS_MOVE = YES;
				CLANG_WARN_UNGUARDED_AVAILABILITY = YES_AGGRESSIVE;
				CLANG_WARN_UNREACHABLE_CODE = YES;
				CLANG_WARN__DUPLICATE_METHOD_MATCH = YES;
				COPY_PHASE_STRIP = NO;
				DEBUG_INFORMATION_FORMAT = dwarf;
				ENABLE_STRICT_OBJC_MSGSEND = YES;
				ENABLE_TESTABILITY = YES;
				GCC_C_LANGUAGE_STANDARD = gnu11;
				GCC_DYNAMIC_NO_PIC = NO;
				GCC_NO_COMMON_BLOCKS = YES;
				GCC_OPTIMIZATION_LEVEL = 0;
				GCC_PREPROCESSOR_DEFINITIONS = (
					"DEBUG=1",
					"$(inherited)",
				);
				GCC_WARN_64_TO_32_BIT_CONVERSION = YES;
				GCC_WARN_ABOUT_RETURN_TYPE = YES_ERROR;
				GCC_WARN_UNDECLARED_SELECTOR = YES;
				GCC_WARN_UNINITIALIZED_AUTOS = YES_AGGRESSIVE;
				GCC_WARN_UNUSED_FUNCTION = YES;
				GCC_WARN_UNUSED_VARIABLE = YES;
				IPHONEOS_DEPLOYMENT_TARGET = 15.5;
				MTL_ENABLE_DEBUG_INFO = INCLUDE_SOURCE;
				MTL_FAST_MATH = YES;
				ONLY_ACTIVE_ARCH = YES;
				SDKROOT = iphoneos;
				SWIFT_ACTIVE_COMPILATION_CONDITIONS = DEBUG;
				SWIFT_OPTIMIZATION_LEVEL = "-Onone";
			};
			name = Debug;
		};
		E2A6A1852A5D373B00D734B5 /* Release */ = {
			isa = XCBuildConfiguration;
			buildSettings = {
				ALWAYS_SEARCH_USER_PATHS = NO;
				CLANG_ANALYZER_NONNULL = YES;
				CLANG_ANALYZER_NUMBER_OBJECT_CONVERSION = YES_AGGRESSIVE;
				CLANG_CXX_LANGUAGE_STANDARD = "gnu++17";
				CLANG_ENABLE_MODULES = YES;
				CLANG_ENABLE_OBJC_ARC = YES;
				CLANG_ENABLE_OBJC_WEAK = YES;
				CLANG_WARN_BLOCK_CAPTURE_AUTORELEASING = YES;
				CLANG_WARN_BOOL_CONVERSION = YES;
				CLANG_WARN_COMMA = YES;
				CLANG_WARN_CONSTANT_CONVERSION = YES;
				CLANG_WARN_DEPRECATED_OBJC_IMPLEMENTATIONS = YES;
				CLANG_WARN_DIRECT_OBJC_ISA_USAGE = YES_ERROR;
				CLANG_WARN_DOCUMENTATION_COMMENTS = YES;
				CLANG_WARN_EMPTY_BODY = YES;
				CLANG_WARN_ENUM_CONVERSION = YES;
				CLANG_WARN_INFINITE_RECURSION = YES;
				CLANG_WARN_INT_CONVERSION = YES;
				CLANG_WARN_NON_LITERAL_NULL_CONVERSION = YES;
				CLANG_WARN_OBJC_IMPLICIT_RETAIN_SELF = YES;
				CLANG_WARN_OBJC_LITERAL_CONVERSION = YES;
				CLANG_WARN_OBJC_ROOT_CLASS = YES_ERROR;
				CLANG_WARN_QUOTED_INCLUDE_IN_FRAMEWORK_HEADER = YES;
				CLANG_WARN_RANGE_LOOP_ANALYSIS = YES;
				CLANG_WARN_STRICT_PROTOTYPES = YES;
				CLANG_WARN_SUSPICIOUS_MOVE = YES;
				CLANG_WARN_UNGUARDED_AVAILABILITY = YES_AGGRESSIVE;
				CLANG_WARN_UNREACHABLE_CODE = YES;
				CLANG_WARN__DUPLICATE_METHOD_MATCH = YES;
				COPY_PHASE_STRIP = NO;
				DEBUG_INFORMATION_FORMAT = "dwarf-with-dsym";
				ENABLE_NS_ASSERTIONS = NO;
				ENABLE_STRICT_OBJC_MSGSEND = YES;
				GCC_C_LANGUAGE_STANDARD = gnu11;
				GCC_NO_COMMON_BLOCKS = YES;
				GCC_WARN_64_TO_32_BIT_CONVERSION = YES;
				GCC_WARN_ABOUT_RETURN_TYPE = YES_ERROR;
				GCC_WARN_UNDECLARED_SELECTOR = YES;
				GCC_WARN_UNINITIALIZED_AUTOS = YES_AGGRESSIVE;
				GCC_WARN_UNUSED_FUNCTION = YES;
				GCC_WARN_UNUSED_VARIABLE = YES;
				IPHONEOS_DEPLOYMENT_TARGET = 15.5;
				MTL_ENABLE_DEBUG_INFO = NO;
				MTL_FAST_MATH = YES;
				SDKROOT = iphoneos;
				SWIFT_COMPILATION_MODE = wholemodule;
				SWIFT_OPTIMIZATION_LEVEL = "-O";
				VALIDATE_PRODUCT = YES;
			};
			name = Release;
		};
		E2A6A1872A5D373B00D734B5 /* Debug */ = {
			isa = XCBuildConfiguration;
			baseConfigurationReference = 39DE168340B95CF3093A9E5B /* Pods-HelloThere_iOS.debug.xcconfig */;
			buildSettings = {
				ASSETCATALOG_COMPILER_APPICON_NAME = AppIcon;
				ASSETCATALOG_COMPILER_GLOBAL_ACCENT_COLOR_NAME = AccentColor;
				CODE_SIGN_STYLE = Automatic;
				CURRENT_PROJECT_VERSION = 1;
				DEVELOPMENT_TEAM = M99NV28FR6;
				GENERATE_INFOPLIST_FILE = YES;
				INFOPLIST_FILE = HelloThere_iOS/Info.plist;
				INFOPLIST_KEY_UIApplicationSupportsIndirectInputEvents = YES;
				INFOPLIST_KEY_UILaunchStoryboardName = LaunchScreen;
				INFOPLIST_KEY_UIMainStoryboardFile = Main;
				INFOPLIST_KEY_UISupportedInterfaceOrientations_iPad = "UIInterfaceOrientationPortrait UIInterfaceOrientationPortraitUpsideDown UIInterfaceOrientationLandscapeLeft UIInterfaceOrientationLandscapeRight";
				INFOPLIST_KEY_UISupportedInterfaceOrientations_iPhone = "UIInterfaceOrientationPortrait UIInterfaceOrientationLandscapeLeft UIInterfaceOrientationLandscapeRight";
				LD_RUNPATH_SEARCH_PATHS = (
					"$(inherited)",
					"@executable_path/Frameworks",
				);
				MARKETING_VERSION = 1.0;
				PRODUCT_BUNDLE_IDENTIFIER = "com.HelloThere-iOS";
				PRODUCT_NAME = "$(TARGET_NAME)";
				SWIFT_EMIT_LOC_STRINGS = YES;
				SWIFT_VERSION = 5.0;
				TARGETED_DEVICE_FAMILY = "1,2";
			};
			name = Debug;
		};
		E2A6A1882A5D373B00D734B5 /* Release */ = {
			isa = XCBuildConfiguration;
			baseConfigurationReference = 9DD714B7700E1510F07DC036 /* Pods-HelloThere_iOS.release.xcconfig */;
			buildSettings = {
				ASSETCATALOG_COMPILER_APPICON_NAME = AppIcon;
				ASSETCATALOG_COMPILER_GLOBAL_ACCENT_COLOR_NAME = AccentColor;
				CODE_SIGN_STYLE = Automatic;
				CURRENT_PROJECT_VERSION = 1;
				DEVELOPMENT_TEAM = M99NV28FR6;
				GENERATE_INFOPLIST_FILE = YES;
				INFOPLIST_FILE = HelloThere_iOS/Info.plist;
				INFOPLIST_KEY_UIApplicationSupportsIndirectInputEvents = YES;
				INFOPLIST_KEY_UILaunchStoryboardName = LaunchScreen;
				INFOPLIST_KEY_UIMainStoryboardFile = Main;
				INFOPLIST_KEY_UISupportedInterfaceOrientations_iPad = "UIInterfaceOrientationPortrait UIInterfaceOrientationPortraitUpsideDown UIInterfaceOrientationLandscapeLeft UIInterfaceOrientationLandscapeRight";
				INFOPLIST_KEY_UISupportedInterfaceOrientations_iPhone = "UIInterfaceOrientationPortrait UIInterfaceOrientationLandscapeLeft UIInterfaceOrientationLandscapeRight";
				LD_RUNPATH_SEARCH_PATHS = (
					"$(inherited)",
					"@executable_path/Frameworks",
				);
				MARKETING_VERSION = 1.0;
				PRODUCT_BUNDLE_IDENTIFIER = "com.HelloThere-iOS";
				PRODUCT_NAME = "$(TARGET_NAME)";
				SWIFT_EMIT_LOC_STRINGS = YES;
				SWIFT_VERSION = 5.0;
				TARGETED_DEVICE_FAMILY = "1,2";
			};
			name = Release;
		};
/* End XCBuildConfiguration section */

/* Begin XCConfigurationList section */
		E2A6A16D2A5D373900D734B5 /* Build configuration list for PBXProject "HelloThere_iOS" */ = {
			isa = XCConfigurationList;
			buildConfigurations = (
				E2A6A1842A5D373B00D734B5 /* Debug */,
				E2A6A1852A5D373B00D734B5 /* Release */,
			);
			defaultConfigurationIsVisible = 0;
			defaultConfigurationName = Release;
		};
		E2A6A1862A5D373B00D734B5 /* Build configuration list for PBXNativeTarget "HelloThere_iOS" */ = {
			isa = XCConfigurationList;
			buildConfigurations = (
				E2A6A1872A5D373B00D734B5 /* Debug */,
				E2A6A1882A5D373B00D734B5 /* Release */,
			);
			defaultConfigurationIsVisible = 0;
			defaultConfigurationName = Release;
		};
/* End XCConfigurationList section */
	};
	rootObject = E2A6A16A2A5D373900D734B5 /* Project object */;
}
